
Microsoft Visual Studio Solution File, Format Version 12.00
# Visual Studio 2013
VisualStudioVersion = 12.0.21005.1
MinimumVisualStudioVersion = 10.0.40219.1
Project("{8BC9CEB8-8B4A-11D0-8D11-00A0C91BC942}") = "leetcode_147_debug", "leetcode_147_debug\leetcode_147_debug.vcxproj", "{FE1AA724-A19B-40A4-B758-1267C3388635}"
EndProject
Global
	GlobalSection(SolutionConfigurationPlatforms) = preSolution
		Debug|Win32 = Debug|Win32
		Release|Win32 = Release|Win32
	EndGlobalSection
	GlobalSection(ProjectConfigurationPlatforms) = postSolution
		{FE1AA724-A19B-40A4-B758-1267C3388635}.Debug|Win32.ActiveCfg = Debug|Win32
		{FE1AA724-A19B-40A4-B758-1267C3388635}.Debug|Win32.Build.0 = Debug|Win32
		{FE1AA724-A19B-40A4-B758-1267C3388635}.Release|Win32.ActiveCfg = Release|Win32
		{FE1AA724-A19B-40A4-B758-1267C3388635}.Release|Win32.Build.0 = Release|Win32
	EndGlobalSection
	GlobalSection(SolutionProperties) = preSolution
		HideSolutionNode = FALSE
	EndGlobalSection
EndGlobal
