
Microsoft Visual Studio Solution File, Format Version 12.00
# Visual Studio 2013
VisualStudioVersion = 12.0.21005.1
MinimumVisualStudioVersion = 10.0.40219.1
Project("{8BC9CEB8-8B4A-11D0-8D11-00A0C91BC942}") = "2021_01_19_homework", "2021_01_19_homework\2021_01_19_homework.vcxproj", "{63CE9068-63D8-4DA6-B8CC-036C9B2FE2DC}"
EndProject
Global
	GlobalSection(SolutionConfigurationPlatforms) = preSolution
		Debug|Win32 = Debug|Win32
		Release|Win32 = Release|Win32
	EndGlobalSection
	GlobalSection(ProjectConfigurationPlatforms) = postSolution
		{63CE9068-63D8-4DA6-B8CC-036C9B2FE2DC}.Debug|Win32.ActiveCfg = Debug|Win32
		{63CE9068-63D8-4DA6-B8CC-036C9B2FE2DC}.Debug|Win32.Build.0 = Debug|Win32
		{63CE9068-63D8-4DA6-B8CC-036C9B2FE2DC}.Release|Win32.ActiveCfg = Release|Win32
		{63CE9068-63D8-4DA6-B8CC-036C9B2FE2DC}.Release|Win32.Build.0 = Release|Win32
	EndGlobalSection
	GlobalSection(SolutionProperties) = preSolution
		HideSolutionNode = FALSE
	EndGlobalSection
EndGlobal
