
Microsoft Visual Studio Solution File, Format Version 12.00
# Visual Studio Version 16
VisualStudioVersion = 16.0.31313.79
MinimumVisualStudioVersion = 10.0.40219.1
Project("{8BC9CEB8-8B4A-11D0-8D11-00A0C91BC942}") = "written_examination_26", "written_examination_26\written_examination_26.vcxproj", "{CC96DE6B-D35A-445F-B065-DD3123AD40AC}"
EndProject
Global
	GlobalSection(SolutionConfigurationPlatforms) = preSolution
		Debug|x64 = Debug|x64
		Debug|x86 = Debug|x86
		Release|x64 = Release|x64
		Release|x86 = Release|x86
	EndGlobalSection
	GlobalSection(ProjectConfigurationPlatforms) = postSolution
		{CC96DE6B-D35A-445F-B065-DD3123AD40AC}.Debug|x64.ActiveCfg = Debug|x64
		{CC96DE6B-D35A-445F-B065-DD3123AD40AC}.Debug|x64.Build.0 = Debug|x64
		{CC96DE6B-D35A-445F-B065-DD3123AD40AC}.Debug|x86.ActiveCfg = Debug|Win32
		{CC96DE6B-D35A-445F-B065-DD3123AD40AC}.Debug|x86.Build.0 = Debug|Win32
		{CC96DE6B-D35A-445F-B065-DD3123AD40AC}.Release|x64.ActiveCfg = Release|x64
		{CC96DE6B-D35A-445F-B065-DD3123AD40AC}.Release|x64.Build.0 = Release|x64
		{CC96DE6B-D35A-445F-B065-DD3123AD40AC}.Release|x86.ActiveCfg = Release|Win32
		{CC96DE6B-D35A-445F-B065-DD3123AD40AC}.Release|x86.Build.0 = Release|Win32
	EndGlobalSection
	GlobalSection(SolutionProperties) = preSolution
		HideSolutionNode = FALSE
	EndGlobalSection
	GlobalSection(ExtensibilityGlobals) = postSolution
		SolutionGuid = {17DDAFF0-7988-4E60-8481-58CA34BAA733}
	EndGlobalSection
EndGlobal
