
Microsoft Visual Studio Solution File, Format Version 12.00
# Visual Studio Version 16
VisualStudioVersion = 16.0.31313.79
MinimumVisualStudioVersion = 10.0.40219.1
Project("{8BC9CEB8-8B4A-11D0-8D11-00A0C91BC942}") = "written_examination_10", "written_examination_10\written_examination_10.vcxproj", "{6337CD17-1613-49E8-8985-449E8006D076}"
EndProject
Global
	GlobalSection(SolutionConfigurationPlatforms) = preSolution
		Debug|x64 = Debug|x64
		Debug|x86 = Debug|x86
		Release|x64 = Release|x64
		Release|x86 = Release|x86
	EndGlobalSection
	GlobalSection(ProjectConfigurationPlatforms) = postSolution
		{6337CD17-1613-49E8-8985-449E8006D076}.Debug|x64.ActiveCfg = Debug|x64
		{6337CD17-1613-49E8-8985-449E8006D076}.Debug|x64.Build.0 = Debug|x64
		{6337CD17-1613-49E8-8985-449E8006D076}.Debug|x86.ActiveCfg = Debug|Win32
		{6337CD17-1613-49E8-8985-449E8006D076}.Debug|x86.Build.0 = Debug|Win32
		{6337CD17-1613-49E8-8985-449E8006D076}.Release|x64.ActiveCfg = Release|x64
		{6337CD17-1613-49E8-8985-449E8006D076}.Release|x64.Build.0 = Release|x64
		{6337CD17-1613-49E8-8985-449E8006D076}.Release|x86.ActiveCfg = Release|Win32
		{6337CD17-1613-49E8-8985-449E8006D076}.Release|x86.Build.0 = Release|Win32
	EndGlobalSection
	GlobalSection(SolutionProperties) = preSolution
		HideSolutionNode = FALSE
	EndGlobalSection
	GlobalSection(ExtensibilityGlobals) = postSolution
		SolutionGuid = {53CD08BD-2F3D-4F1A-8BE3-93354377443A}
	EndGlobalSection
EndGlobal
