
Microsoft Visual Studio Solution File, Format Version 12.00
# Visual Studio Version 16
VisualStudioVersion = 16.0.31313.79
MinimumVisualStudioVersion = 10.0.40219.1
Project("{8BC9CEB8-8B4A-11D0-8D11-00A0C91BC942}") = "2022_2_20_模拟面试", "2022_2_20_模拟面试\2022_2_20_模拟面试.vcxproj", "{1CE2591A-1A0F-4A1B-BE26-FD39D0D080B1}"
EndProject
Global
	GlobalSection(SolutionConfigurationPlatforms) = preSolution
		Debug|x64 = Debug|x64
		Debug|x86 = Debug|x86
		Release|x64 = Release|x64
		Release|x86 = Release|x86
	EndGlobalSection
	GlobalSection(ProjectConfigurationPlatforms) = postSolution
		{1CE2591A-1A0F-4A1B-BE26-FD39D0D080B1}.Debug|x64.ActiveCfg = Debug|x64
		{1CE2591A-1A0F-4A1B-BE26-FD39D0D080B1}.Debug|x64.Build.0 = Debug|x64
		{1CE2591A-1A0F-4A1B-BE26-FD39D0D080B1}.Debug|x86.ActiveCfg = Debug|Win32
		{1CE2591A-1A0F-4A1B-BE26-FD39D0D080B1}.Debug|x86.Build.0 = Debug|Win32
		{1CE2591A-1A0F-4A1B-BE26-FD39D0D080B1}.Release|x64.ActiveCfg = Release|x64
		{1CE2591A-1A0F-4A1B-BE26-FD39D0D080B1}.Release|x64.Build.0 = Release|x64
		{1CE2591A-1A0F-4A1B-BE26-FD39D0D080B1}.Release|x86.ActiveCfg = Release|Win32
		{1CE2591A-1A0F-4A1B-BE26-FD39D0D080B1}.Release|x86.Build.0 = Release|Win32
	EndGlobalSection
	GlobalSection(SolutionProperties) = preSolution
		HideSolutionNode = FALSE
	EndGlobalSection
	GlobalSection(ExtensibilityGlobals) = postSolution
		SolutionGuid = {67085ADF-913D-4677-BAFD-0E3B4A26BB05}
	EndGlobalSection
EndGlobal
