
Microsoft Visual Studio Solution File, Format Version 12.00
# Visual Studio Version 16
VisualStudioVersion = 16.0.31313.79
MinimumVisualStudioVersion = 10.0.40219.1
Project("{8BC9CEB8-8B4A-11D0-8D11-00A0C91BC942}") = "written_examination_19", "written_examination_19\written_examination_19.vcxproj", "{CA000D2E-A6D4-4D71-AD67-5F6EC4206D64}"
EndProject
Global
	GlobalSection(SolutionConfigurationPlatforms) = preSolution
		Debug|x64 = Debug|x64
		Debug|x86 = Debug|x86
		Release|x64 = Release|x64
		Release|x86 = Release|x86
	EndGlobalSection
	GlobalSection(ProjectConfigurationPlatforms) = postSolution
		{CA000D2E-A6D4-4D71-AD67-5F6EC4206D64}.Debug|x64.ActiveCfg = Debug|x64
		{CA000D2E-A6D4-4D71-AD67-5F6EC4206D64}.Debug|x64.Build.0 = Debug|x64
		{CA000D2E-A6D4-4D71-AD67-5F6EC4206D64}.Debug|x86.ActiveCfg = Debug|Win32
		{CA000D2E-A6D4-4D71-AD67-5F6EC4206D64}.Debug|x86.Build.0 = Debug|Win32
		{CA000D2E-A6D4-4D71-AD67-5F6EC4206D64}.Release|x64.ActiveCfg = Release|x64
		{CA000D2E-A6D4-4D71-AD67-5F6EC4206D64}.Release|x64.Build.0 = Release|x64
		{CA000D2E-A6D4-4D71-AD67-5F6EC4206D64}.Release|x86.ActiveCfg = Release|Win32
		{CA000D2E-A6D4-4D71-AD67-5F6EC4206D64}.Release|x86.Build.0 = Release|Win32
	EndGlobalSection
	GlobalSection(SolutionProperties) = preSolution
		HideSolutionNode = FALSE
	EndGlobalSection
	GlobalSection(ExtensibilityGlobals) = postSolution
		SolutionGuid = {BAF7A1CA-3F23-40A8-A3F0-94683AFF44FB}
	EndGlobalSection
EndGlobal
