
Microsoft Visual Studio Solution File, Format Version 12.00
# Visual Studio Version 16
VisualStudioVersion = 16.0.31313.79
MinimumVisualStudioVersion = 10.0.40219.1
Project("{8BC9CEB8-8B4A-11D0-8D11-00A0C91BC942}") = "written_examination_46", "written_examination_46\written_examination_46.vcxproj", "{DBD60946-9C38-4480-8AFA-7640720F24DF}"
EndProject
Global
	GlobalSection(SolutionConfigurationPlatforms) = preSolution
		Debug|x64 = Debug|x64
		Debug|x86 = Debug|x86
		Release|x64 = Release|x64
		Release|x86 = Release|x86
	EndGlobalSection
	GlobalSection(ProjectConfigurationPlatforms) = postSolution
		{DBD60946-9C38-4480-8AFA-7640720F24DF}.Debug|x64.ActiveCfg = Debug|x64
		{DBD60946-9C38-4480-8AFA-7640720F24DF}.Debug|x64.Build.0 = Debug|x64
		{DBD60946-9C38-4480-8AFA-7640720F24DF}.Debug|x86.ActiveCfg = Debug|Win32
		{DBD60946-9C38-4480-8AFA-7640720F24DF}.Debug|x86.Build.0 = Debug|Win32
		{DBD60946-9C38-4480-8AFA-7640720F24DF}.Release|x64.ActiveCfg = Release|x64
		{DBD60946-9C38-4480-8AFA-7640720F24DF}.Release|x64.Build.0 = Release|x64
		{DBD60946-9C38-4480-8AFA-7640720F24DF}.Release|x86.ActiveCfg = Release|Win32
		{DBD60946-9C38-4480-8AFA-7640720F24DF}.Release|x86.Build.0 = Release|Win32
	EndGlobalSection
	GlobalSection(SolutionProperties) = preSolution
		HideSolutionNode = FALSE
	EndGlobalSection
	GlobalSection(ExtensibilityGlobals) = postSolution
		SolutionGuid = {D27A07C5-FFEB-4569-8013-F1FDB0F75F83}
	EndGlobalSection
EndGlobal
