
Microsoft Visual Studio Solution File, Format Version 12.00
# Visual Studio Version 16
VisualStudioVersion = 16.0.31313.79
MinimumVisualStudioVersion = 10.0.40219.1
Project("{8BC9CEB8-8B4A-11D0-8D11-00A0C91BC942}") = "Written_examination_02", "Written_examination_02\Written_examination_02.vcxproj", "{8A6E9EA3-4429-4E6C-B424-FA4F9A39BC04}"
EndProject
Global
	GlobalSection(SolutionConfigurationPlatforms) = preSolution
		Debug|x64 = Debug|x64
		Debug|x86 = Debug|x86
		Release|x64 = Release|x64
		Release|x86 = Release|x86
	EndGlobalSection
	GlobalSection(ProjectConfigurationPlatforms) = postSolution
		{8A6E9EA3-4429-4E6C-B424-FA4F9A39BC04}.Debug|x64.ActiveCfg = Debug|x64
		{8A6E9EA3-4429-4E6C-B424-FA4F9A39BC04}.Debug|x64.Build.0 = Debug|x64
		{8A6E9EA3-4429-4E6C-B424-FA4F9A39BC04}.Debug|x86.ActiveCfg = Debug|Win32
		{8A6E9EA3-4429-4E6C-B424-FA4F9A39BC04}.Debug|x86.Build.0 = Debug|Win32
		{8A6E9EA3-4429-4E6C-B424-FA4F9A39BC04}.Release|x64.ActiveCfg = Release|x64
		{8A6E9EA3-4429-4E6C-B424-FA4F9A39BC04}.Release|x64.Build.0 = Release|x64
		{8A6E9EA3-4429-4E6C-B424-FA4F9A39BC04}.Release|x86.ActiveCfg = Release|Win32
		{8A6E9EA3-4429-4E6C-B424-FA4F9A39BC04}.Release|x86.Build.0 = Release|Win32
	EndGlobalSection
	GlobalSection(SolutionProperties) = preSolution
		HideSolutionNode = FALSE
	EndGlobalSection
	GlobalSection(ExtensibilityGlobals) = postSolution
		SolutionGuid = {A1C4990C-DF51-4A8F-8378-95BB0FC381E9}
	EndGlobalSection
EndGlobal
