
Microsoft Visual Studio Solution File, Format Version 12.00
# Visual Studio Version 16
VisualStudioVersion = 16.0.31313.79
MinimumVisualStudioVersion = 10.0.40219.1
Project("{8BC9CEB8-8B4A-11D0-8D11-00A0C91BC942}") = "written_examination_37", "written_examination_37\written_examination_37.vcxproj", "{EA6CAA4D-0E63-4A5E-A17A-179E61709948}"
EndProject
Global
	GlobalSection(SolutionConfigurationPlatforms) = preSolution
		Debug|x64 = Debug|x64
		Debug|x86 = Debug|x86
		Release|x64 = Release|x64
		Release|x86 = Release|x86
	EndGlobalSection
	GlobalSection(ProjectConfigurationPlatforms) = postSolution
		{EA6CAA4D-0E63-4A5E-A17A-179E61709948}.Debug|x64.ActiveCfg = Debug|x64
		{EA6CAA4D-0E63-4A5E-A17A-179E61709948}.Debug|x64.Build.0 = Debug|x64
		{EA6CAA4D-0E63-4A5E-A17A-179E61709948}.Debug|x86.ActiveCfg = Debug|Win32
		{EA6CAA4D-0E63-4A5E-A17A-179E61709948}.Debug|x86.Build.0 = Debug|Win32
		{EA6CAA4D-0E63-4A5E-A17A-179E61709948}.Release|x64.ActiveCfg = Release|x64
		{EA6CAA4D-0E63-4A5E-A17A-179E61709948}.Release|x64.Build.0 = Release|x64
		{EA6CAA4D-0E63-4A5E-A17A-179E61709948}.Release|x86.ActiveCfg = Release|Win32
		{EA6CAA4D-0E63-4A5E-A17A-179E61709948}.Release|x86.Build.0 = Release|Win32
	EndGlobalSection
	GlobalSection(SolutionProperties) = preSolution
		HideSolutionNode = FALSE
	EndGlobalSection
	GlobalSection(ExtensibilityGlobals) = postSolution
		SolutionGuid = {7CF4B02E-F4A1-426D-8AA0-2C442DD6EFB6}
	EndGlobalSection
EndGlobal
