
Microsoft Visual Studio Solution File, Format Version 12.00
# Visual Studio Version 16
VisualStudioVersion = 16.0.31313.79
MinimumVisualStudioVersion = 10.0.40219.1
Project("{8BC9CEB8-8B4A-11D0-8D11-00A0C91BC942}") = "written_examination_03", "written_examination_03\written_examination_03.vcxproj", "{468AF949-E2BE-4E18-A70F-D0DA77C09AD5}"
EndProject
Global
	GlobalSection(SolutionConfigurationPlatforms) = preSolution
		Debug|x64 = Debug|x64
		Debug|x86 = Debug|x86
		Release|x64 = Release|x64
		Release|x86 = Release|x86
	EndGlobalSection
	GlobalSection(ProjectConfigurationPlatforms) = postSolution
		{468AF949-E2BE-4E18-A70F-D0DA77C09AD5}.Debug|x64.ActiveCfg = Debug|x64
		{468AF949-E2BE-4E18-A70F-D0DA77C09AD5}.Debug|x64.Build.0 = Debug|x64
		{468AF949-E2BE-4E18-A70F-D0DA77C09AD5}.Debug|x86.ActiveCfg = Debug|Win32
		{468AF949-E2BE-4E18-A70F-D0DA77C09AD5}.Debug|x86.Build.0 = Debug|Win32
		{468AF949-E2BE-4E18-A70F-D0DA77C09AD5}.Release|x64.ActiveCfg = Release|x64
		{468AF949-E2BE-4E18-A70F-D0DA77C09AD5}.Release|x64.Build.0 = Release|x64
		{468AF949-E2BE-4E18-A70F-D0DA77C09AD5}.Release|x86.ActiveCfg = Release|Win32
		{468AF949-E2BE-4E18-A70F-D0DA77C09AD5}.Release|x86.Build.0 = Release|Win32
	EndGlobalSection
	GlobalSection(SolutionProperties) = preSolution
		HideSolutionNode = FALSE
	EndGlobalSection
	GlobalSection(ExtensibilityGlobals) = postSolution
		SolutionGuid = {DEEDA0B8-DE29-42DA-ACFD-FB00945C8180}
	EndGlobalSection
EndGlobal
