
Microsoft Visual Studio Solution File, Format Version 12.00
# Visual Studio 2013
VisualStudioVersion = 12.0.21005.1
MinimumVisualStudioVersion = 10.0.40219.1
Project("{8BC9CEB8-8B4A-11D0-8D11-00A0C91BC942}") = "21_3_31_lessom", "21_3_31_lessom\21_3_31_lessom.vcxproj", "{F5F5908D-A7D7-430B-A17E-9A95C1305DC1}"
EndProject
Global
	GlobalSection(SolutionConfigurationPlatforms) = preSolution
		Debug|Win32 = Debug|Win32
		Release|Win32 = Release|Win32
	EndGlobalSection
	GlobalSection(ProjectConfigurationPlatforms) = postSolution
		{F5F5908D-A7D7-430B-A17E-9A95C1305DC1}.Debug|Win32.ActiveCfg = Debug|Win32
		{F5F5908D-A7D7-430B-A17E-9A95C1305DC1}.Debug|Win32.Build.0 = Debug|Win32
		{F5F5908D-A7D7-430B-A17E-9A95C1305DC1}.Release|Win32.ActiveCfg = Release|Win32
		{F5F5908D-A7D7-430B-A17E-9A95C1305DC1}.Release|Win32.Build.0 = Release|Win32
	EndGlobalSection
	GlobalSection(SolutionProperties) = preSolution
		HideSolutionNode = FALSE
	EndGlobalSection
EndGlobal
